
Microsoft Visual Studio Solution File, Format Version 12.00
# Visual Studio Version 16
VisualStudioVersion = 16.0.31019.35
MinimumVisualStudioVersion = 10.0.40219.1
Project("{FAE04EC0-301F-11D3-BF4B-00C04F79EFBC}") = "TusharePro.NET", "TusharePro.NET\TusharePro.NET.csproj", "{89488A28-90FE-4CC0-8686-46E4CAFDA42E}"
EndProject
Global
	GlobalSection(SolutionConfigurationPlatforms) = preSolution
		Debug|Any CPU = Debug|Any CPU
		Release|Any CPU = Release|Any CPU
	EndGlobalSection
	GlobalSection(ProjectConfigurationPlatforms) = postSolution
		{89488A28-90FE-4CC0-8686-46E4CAFDA42E}.Debug|Any CPU.ActiveCfg = Debug|Any CPU
		{89488A28-90FE-4CC0-8686-46E4CAFDA42E}.Debug|Any CPU.Build.0 = Debug|Any CPU
		{89488A28-90FE-4CC0-8686-46E4CAFDA42E}.Release|Any CPU.ActiveCfg = Release|Any CPU
		{89488A28-90FE-4CC0-8686-46E4CAFDA42E}.Release|Any CPU.Build.0 = Release|Any CPU
	EndGlobalSection
	GlobalSection(SolutionProperties) = preSolution
		HideSolutionNode = FALSE
	EndGlobalSection
	GlobalSection(ExtensibilityGlobals) = postSolution
		SolutionGuid = {298A54C7-8633-4EF2-A8C2-0E18C3E6ACD5}
	EndGlobalSection
EndGlobal
